GITHUBTARBALL
  remote: boxen/puppet-adium
  specs:
    adium (1.0.1)

GITHUBTARBALL
  remote: boxen/puppet-alfred
  specs:
    alfred (1.0.0)

GITHUBTARBALL
  remote: boxen/puppet-appcleaner
  specs:
    appcleaner (1.0.0)

GITHUBTARBALL
  remote: boxen/puppet-boxen
  specs:
    boxen (1.3.0)

GITHUBTARBALL
  remote: boxen/puppet-caffeine
  specs:
    caffeine (1.0.0)

GITHUBTARBALL
  remote: boxen/puppet-chrome
  specs:
    chrome (1.0.0)

GITHUBTARBALL
  remote: boxen/puppet-daisy_disk
  specs:
    daisy_disk (1.0.0)

GITHUBTARBALL
  remote: boxen/puppet-dnsmasq
  specs:
    dnsmasq (1.0.0)

GITHUBTARBALL
  remote: boxen/puppet-dropbox
  specs:
    dropbox (1.1.0)

GITHUBTARBALL
  remote: boxen/puppet-flowdock
  specs:
    flowdock (1.0.0)

GITHUBTARBALL
  remote: boxen/puppet-fluid
  specs:
    fluid (1.0.0)

GITHUBTARBALL
  remote: boxen/puppet-flux
  specs:
    flux (0.0.1)

GITHUBTARBALL
  remote: boxen/puppet-gcc
  specs:
    gcc (1.0.0)

GITHUBTARBALL
  remote: boxen/puppet-git
  specs:
    git (1.0.0)

GITHUBTARBALL
  remote: boxen/puppet-graphviz
  specs:
    graphviz (1.0.0)

GITHUBTARBALL
  remote: boxen/puppet-homebrew
  specs:
    homebrew (1.1.2)

GITHUBTARBALL
  remote: boxen/puppet-hub
  specs:
    hub (1.0.0)

GITHUBTARBALL
  remote: boxen/puppet-istatmenus4
  specs:
    istatmenus4 (1.0.0)

GITHUBTARBALL
  remote: boxen/puppet-macvim
  specs:
    macvim (1.0.0)

GITHUBTARBALL
  remote: boxen/puppet-mplayerx
  specs:
    mplayerx (1.0.0)

GITHUBTARBALL
  remote: boxen/puppet-nginx
  specs:
    nginx (1.1.0)

GITHUBTARBALL
  remote: boxen/puppet-nodejs
  specs:
    nodejs (2.1.0)

GITHUBTARBALL
  remote: boxen/puppet-pcre
  specs:
    pcre (1.0.0)

GITHUBTARBALL
  remote: boxen/puppet-pkgconfig
  specs:
    pkgconfig (1.0.0)

GITHUBTARBALL
  remote: boxen/puppet-propane
  specs:
    propane (1.0.0)

GITHUBTARBALL
  remote: boxen/puppet-python
  specs:
    python (1.1.0)

GITHUBTARBALL
  remote: boxen/puppet-rdio
  specs:
    rdio (1.0.0)

GITHUBTARBALL
  remote: boxen/puppet-repository
  specs:
    repository (1.0.0)

GITHUBTARBALL
  remote: boxen/puppet-ruby
  specs:
    ruby (3.3.1)

GITHUBTARBALL
  remote: boxen/puppet-skype
  specs:
    skype (1.0.0)

GITHUBTARBALL
  remote: boxen/puppet-sparrow
  specs:
    sparrow (1.0.0)

GITHUBTARBALL
  remote: boxen/puppet-sublime_text_2
  specs:
    sublime_text_2 (1.1.0)

GITHUBTARBALL
  remote: boxen/puppet-sudo
  specs:
    sudo (1.0.0)

GITHUBTARBALL
  remote: boxen/puppet-swig
  specs:
    swig (1.0.0)

GITHUBTARBALL
  remote: boxen/puppet-vagrant
  specs:
    vagrant (2.0.3)

GITHUBTARBALL
  remote: boxen/puppet-virtualbox
  specs:
    virtualbox (1.0.1)

GITHUBTARBALL
  remote: boxen/puppet-viscosity
  specs:
    viscosity (1.0.0)

GITHUBTARBALL
  remote: boxen/puppet-vlc
  specs:
    vlc (1.0.0)

GITHUBTARBALL
  remote: boxen/puppet-xquartz
  specs:
    xquartz (1.0.0)

GITHUBTARBALL
  remote: boxen/puppet-xscope
  specs:
    xscope (1.0.0)

GITHUBTARBALL
  remote: cprice-puppet/puppetlabs-inifile
  specs:
    inifile (0.9.0)

GITHUBTARBALL
  remote: puppetlabs/puppetlabs-stdlib
  specs:
    stdlib (3.0.0)

DEPENDENCIES
  adium (= 1.0.1)
  alfred (= 1.0.0)
  appcleaner (= 1.0.0)
  boxen (= 1.3.0)
  caffeine (= 1.0.0)
  chrome (= 1.0.0)
  daisy_disk (= 1.0.0)
  dnsmasq (= 1.0.0)
  dropbox (= 1.1.0)
  flowdock (= 1.0.0)
  fluid (= 1.0.0)
  flux (= 0.0.1)
  gcc (= 1.0.0)
  git (= 1.0.0)
  graphviz (= 1.0.0)
  homebrew (= 1.1.2)
  hub (= 1.0.0)
  inifile (= 0.9.0)
  istatmenus4 (= 1.0.0)
  macvim (= 1.0.0)
  mplayerx (= 1.0.0)
  nginx (= 1.1.0)
  nodejs (= 2.1.0)
  pcre (= 1.0.0)
  pkgconfig (= 1.0.0)
  propane (= 1.0.0)
  python (= 1.1.0)
  rdio (= 1.0.0)
  repository (= 1.0.0)
  ruby (= 3.3.1)
  skype (= 1.0.0)
  sparrow (= 1.0.0)
  stdlib (= 3.0.0)
  sublime_text_2 (= 1.1.0)
  sudo (= 1.0.0)
  swig (= 1.0.0)
  vagrant (= 2.0.3)
  virtualbox (= 1.0.1)
  viscosity (= 1.0.0)
  vlc (= 1.0.0)
  xquartz (= 1.0.0)
  xscope (= 1.0.0)

