GITHUBTARBALL
  remote: boxen/puppet-adium
  specs:
    adium (1.1.1)

GITHUBTARBALL
  remote: boxen/puppet-alfred
  specs:
    alfred (1.1.2)

GITHUBTARBALL
  remote: boxen/puppet-appcleaner
  specs:
    appcleaner (1.0.0)

GITHUBTARBALL
  remote: boxen/puppet-autoconf
  specs:
    autoconf (1.0.0)

GITHUBTARBALL
  remote: boxen/puppet-boxen
  specs:
    boxen (3.0.2)

GITHUBTARBALL
  remote: boxen/puppet-caffeine
  specs:
    caffeine (1.0.0)

GITHUBTARBALL
  remote: boxen/puppet-chrome
  specs:
    chrome (1.1.1)

GITHUBTARBALL
  remote: boxen/puppet-daisy_disk
  specs:
    daisy_disk (1.0.0)

GITHUBTARBALL
  remote: boxen/puppet-dnsmasq
  specs:
    dnsmasq (1.0.0)

GITHUBTARBALL
  remote: boxen/puppet-dropbox
  specs:
    dropbox (1.1.1)

GITHUBTARBALL
  remote: boxen/puppet-flowdock
  specs:
    flowdock (1.0.0)

GITHUBTARBALL
  remote: boxen/puppet-fluid
  specs:
    fluid (1.0.0)

GITHUBTARBALL
  remote: boxen/puppet-flux
  specs:
    flux (0.0.1)

GITHUBTARBALL
  remote: boxen/puppet-gcc
  specs:
    gcc (2.0.1)

GITHUBTARBALL
  remote: boxen/puppet-git
  specs:
    git (1.2.5)

GITHUBTARBALL
  remote: boxen/puppet-graphviz
  specs:
    graphviz (1.0.0)

GITHUBTARBALL
  remote: boxen/puppet-handbrake
  specs:
    handbrake (1.0.0)

GITHUBTARBALL
  remote: boxen/puppet-heroku
  specs:
    heroku (2.0.0)

GITHUBTARBALL
  remote: boxen/puppet-homebrew
  specs:
    homebrew (1.4.1)

GITHUBTARBALL
  remote: boxen/puppet-hub
  specs:
    hub (1.0.3)

GITHUBTARBALL
  remote: boxen/puppet-istatmenus4
  specs:
    istatmenus4 (1.0.0)

GITHUBTARBALL
  remote: boxen/puppet-java
  specs:
    java (1.1.2)

GITHUBTARBALL
  remote: boxen/puppet-mplayerx
  specs:
    mplayerx (1.0.0)

GITHUBTARBALL
  remote: boxen/puppet-nodejs
  specs:
    nodejs (3.2.9)

GITHUBTARBALL
  remote: boxen/puppet-openssl
  specs:
    openssl (1.0.0)

GITHUBTARBALL
  remote: boxen/puppet-pcre
  specs:
    pcre (1.0.0)

GITHUBTARBALL
  remote: boxen/puppet-pkgconfig
  specs:
    pkgconfig (1.0.0)

GITHUBTARBALL
  remote: boxen/puppet-python
  specs:
    python (1.2.1)

GITHUBTARBALL
  remote: boxen/puppet-rdio
  specs:
    rdio (1.0.0)

GITHUBTARBALL
  remote: boxen/puppet-repository
  specs:
    repository (2.2.0)

GITHUBTARBALL
  remote: boxen/puppet-ruby
  specs:
    ruby (6.3.4)

GITHUBTARBALL
  remote: boxen/puppet-skype
  specs:
    skype (1.0.0)

GITHUBTARBALL
  remote: boxen/puppet-sparrow
  specs:
    sparrow (1.0.0)

GITHUBTARBALL
  remote: boxen/puppet-sublime_text_2
  specs:
    sublime_text_2 (1.1.2)

GITHUBTARBALL
  remote: boxen/puppet-sudo
  specs:
    sudo (1.0.0)

GITHUBTARBALL
  remote: boxen/puppet-vagrant
  specs:
    vagrant (2.0.10)

GITHUBTARBALL
  remote: boxen/puppet-virtualbox
  specs:
    virtualbox (1.0.5)

GITHUBTARBALL
  remote: boxen/puppet-viscosity
  specs:
    viscosity (1.0.0)

GITHUBTARBALL
  remote: boxen/puppet-vlc
  specs:
    vlc (1.0.4)

GITHUBTARBALL
  remote: boxen/puppet-xquartz
  specs:
    xquartz (1.1.0)

GITHUBTARBALL
  remote: boxen/puppet-xscope
  specs:
    xscope (1.0.0)

GITHUBTARBALL
  remote: puppetlabs/puppetlabs-inifile
  specs:
    inifile (1.0.0)

GITHUBTARBALL
  remote: puppetlabs/puppetlabs-stdlib
  specs:
    stdlib (4.1.0)

DEPENDENCIES
  adium (= 1.1.1)
  alfred (= 1.1.2)
  appcleaner (= 1.0.0)
  autoconf (= 1.0.0)
  boxen (= 3.0.2)
  caffeine (= 1.0.0)
  chrome (= 1.1.1)
  daisy_disk (= 1.0.0)
  dnsmasq (= 1.0.0)
  dropbox (= 1.1.1)
  flowdock (= 1.0.0)
  fluid (= 1.0.0)
  flux (= 0.0.1)
  gcc (= 2.0.1)
  git (= 1.2.5)
  graphviz (= 1.0.0)
  handbrake (= 1.0.0)
  heroku (= 2.0.0)
  homebrew (= 1.4.1)
  hub (= 1.0.3)
  inifile (= 1.0.0)
  istatmenus4 (= 1.0.0)
  java (= 1.1.2)
  mplayerx (= 1.0.0)
  nodejs (= 3.2.9)
  openssl (= 1.0.0)
  pcre (= 1.0.0)
  pkgconfig (= 1.0.0)
  python (= 1.2.1)
  rdio (= 1.0.0)
  repository (= 2.2.0)
  repository (= 2.2.0)
  ruby (= 6.3.4)
  skype (= 1.0.0)
  sparrow (= 1.0.0)
  stdlib (= 4.1.0)
  sublime_text_2 (= 1.1.2)
  sudo (= 1.0.0)
  vagrant (= 2.0.10)
  virtualbox (= 1.0.5)
  viscosity (= 1.0.0)
  vlc (= 1.0.4)
  xquartz (= 1.1.0)
  xscope (= 1.0.0)

